
Microsoft Visual Studio Solution File, Format Version 12.00
# Visual Studio 15
VisualStudioVersion = 15.0.28307.757
MinimumVisualStudioVersion = 10.0.40219.1
Project("{FAE04EC0-301F-11D3-BF4B-00C04F79EFBC}") = "ApiNetCore", "ApiNetCore\ApiNetCore.csproj", "{3CB3189C-746F-492B-8CE3-8EF05EBB750F}"
EndProject
Global
	GlobalSection(SolutionConfigurationPlatforms) = preSolution
		Debug|Any CPU = Debug|Any CPU
		Release|Any CPU = Release|Any CPU
	EndGlobalSection
	GlobalSection(ProjectConfigurationPlatforms) = postSolution
		{3CB3189C-746F-492B-8CE3-8EF05EBB750F}.Debug|Any CPU.ActiveCfg = Debug|Any CPU
		{3CB3189C-746F-492B-8CE3-8EF05EBB750F}.Debug|Any CPU.Build.0 = Debug|Any CPU
		{3CB3189C-746F-492B-8CE3-8EF05EBB750F}.Release|Any CPU.ActiveCfg = Release|Any CPU
		{3CB3189C-746F-492B-8CE3-8EF05EBB750F}.Release|Any CPU.Build.0 = Release|Any CPU
	EndGlobalSection
	GlobalSection(SolutionProperties) = preSolution
		HideSolutionNode = FALSE
	EndGlobalSection
	GlobalSection(ExtensibilityGlobals) = postSolution
		SolutionGuid = {C5592D0D-337B-4396-9986-926C9103AFD1}
	EndGlobalSection
EndGlobal
